
Microsoft Visual Studio Solution File, Format Version 12.00
# Visual Studio Version 16
VisualStudioVersion = 16.0.30717.126
MinimumVisualStudioVersion = 10.0.40219.1
Project("{9A19103F-16F7-4668-BE54-9A1E7A4F7556}") = "SinkingShipsServer", "SinkingShipsServer\SinkingShipsServer.csproj", "{6063D35E-2F81-406B-B001-69C6A4598DB7}"
EndProject
Project("{9A19103F-16F7-4668-BE54-9A1E7A4F7556}") = "ServerLogic", "ServerLogic\ServerLogic.csproj", "{625344BD-CF1A-4BBA-A512-11AF89B16442}"
EndProject
Project("{9A19103F-16F7-4668-BE54-9A1E7A4F7556}") = "SinkingShipsServer.Database", "SinkingShipsServer.Database\SinkingShipsServer.Database.csproj", "{261EFDA1-BD3A-4D28-9157-1658EBA93CD1}"
EndProject
Project("{9A19103F-16F7-4668-BE54-9A1E7A4F7556}") = "SinkingShipsGameInterfaces", "SinkingShipsGameInterfaces\SinkingShipsGameInterfaces.csproj", "{F052D5D4-7653-4181-9B8C-46C539B30A7D}"
EndProject
Global
	GlobalSection(SolutionConfigurationPlatforms) = preSolution
		Debug|Any CPU = Debug|Any CPU
		Release|Any CPU = Release|Any CPU
	EndGlobalSection
	GlobalSection(ProjectConfigurationPlatforms) = postSolution
		{6063D35E-2F81-406B-B001-69C6A4598DB7}.Debug|Any CPU.ActiveCfg = Debug|Any CPU
		{6063D35E-2F81-406B-B001-69C6A4598DB7}.Debug|Any CPU.Build.0 = Debug|Any CPU
		{6063D35E-2F81-406B-B001-69C6A4598DB7}.Release|Any CPU.ActiveCfg = Release|Any CPU
		{6063D35E-2F81-406B-B001-69C6A4598DB7}.Release|Any CPU.Build.0 = Release|Any CPU
		{625344BD-CF1A-4BBA-A512-11AF89B16442}.Debug|Any CPU.ActiveCfg = Debug|Any CPU
		{625344BD-CF1A-4BBA-A512-11AF89B16442}.Debug|Any CPU.Build.0 = Debug|Any CPU
		{625344BD-CF1A-4BBA-A512-11AF89B16442}.Release|Any CPU.ActiveCfg = Release|Any CPU
		{625344BD-CF1A-4BBA-A512-11AF89B16442}.Release|Any CPU.Build.0 = Release|Any CPU
		{261EFDA1-BD3A-4D28-9157-1658EBA93CD1}.Debug|Any CPU.ActiveCfg = Debug|Any CPU
		{261EFDA1-BD3A-4D28-9157-1658EBA93CD1}.Debug|Any CPU.Build.0 = Debug|Any CPU
		{261EFDA1-BD3A-4D28-9157-1658EBA93CD1}.Release|Any CPU.ActiveCfg = Release|Any CPU
		{261EFDA1-BD3A-4D28-9157-1658EBA93CD1}.Release|Any CPU.Build.0 = Release|Any CPU
		{F052D5D4-7653-4181-9B8C-46C539B30A7D}.Debug|Any CPU.ActiveCfg = Debug|Any CPU
		{F052D5D4-7653-4181-9B8C-46C539B30A7D}.Debug|Any CPU.Build.0 = Debug|Any CPU
		{F052D5D4-7653-4181-9B8C-46C539B30A7D}.Release|Any CPU.ActiveCfg = Release|Any CPU
		{F052D5D4-7653-4181-9B8C-46C539B30A7D}.Release|Any CPU.Build.0 = Release|Any CPU
	EndGlobalSection
	GlobalSection(SolutionProperties) = preSolution
		HideSolutionNode = FALSE
	EndGlobalSection
	GlobalSection(ExtensibilityGlobals) = postSolution
		SolutionGuid = {12BFDF6A-486D-4A7F-899A-9F7C9C9DDC55}
	EndGlobalSection
EndGlobal
